
Microsoft Visual Studio Solution File, Format Version 12.00
# Visual Studio Version 17
VisualStudioVersion = 17.0.32112.339
MinimumVisualStudioVersion = 10.0.40219.1
Project("{9A19103F-16F7-4668-BE54-9A1E7A4F7556}") = "EpidimiologyReport", "EpidimiologyReport\EpidimiologyReport.csproj", "{272541C6-D53E-4086-912F-507B0F6D0C09}"
	ProjectSection(ProjectDependencies) = postProject
		{6FAB43BC-62B8-4034-9508-A04139EF2C61} = {6FAB43BC-62B8-4034-9508-A04139EF2C61}
	EndProjectSection
EndProject
Project("{9A19103F-16F7-4668-BE54-9A1E7A4F7556}") = "EpidimiologyReport.Dal", "ProjectDAL\EpidimiologyReport.Dal.csproj", "{6FAB43BC-62B8-4034-9508-A04139EF2C61}"
EndProject
Project("{9A19103F-16F7-4668-BE54-9A1E7A4F7556}") = "EpidimiologyReport.Services", "EpidimiologyReport.Services\EpidimiologyReport.Services.csproj", "{E677D499-6017-48A6-A62A-E31FEB0F24B4}"
EndProject
Project("{2150E333-8FDC-42A3-9474-1A3956D46DE8}") = "Tests", "Tests", "{026E6785-64E2-4107-B363-9AB2BDAECD97}"
EndProject
Project("{9A19103F-16F7-4668-BE54-9A1E7A4F7556}") = "EpidimiologyReport.Tests", "EpidimiologyReport.Tests\EpidimiologyReport.Tests.csproj", "{AF3D13A5-1C5F-4B51-9770-E7F3F992DE2F}"
EndProject
Project("{2150E333-8FDC-42A3-9474-1A3956D46DE8}") = "Solution Items", "Solution Items", "{DA5657E8-4C51-43B5-BE55-EC5207340E2E}"
	ProjectSection(SolutionItems) = preProject
		comments.txt = comments.txt
	EndProjectSection
EndProject
Global
	GlobalSection(SolutionConfigurationPlatforms) = preSolution
		Debug|Any CPU = Debug|Any CPU
		Release|Any CPU = Release|Any CPU
	EndGlobalSection
	GlobalSection(ProjectConfigurationPlatforms) = postSolution
		{272541C6-D53E-4086-912F-507B0F6D0C09}.Debug|Any CPU.ActiveCfg = Debug|Any CPU
		{272541C6-D53E-4086-912F-507B0F6D0C09}.Debug|Any CPU.Build.0 = Debug|Any CPU
		{272541C6-D53E-4086-912F-507B0F6D0C09}.Release|Any CPU.ActiveCfg = Release|Any CPU
		{272541C6-D53E-4086-912F-507B0F6D0C09}.Release|Any CPU.Build.0 = Release|Any CPU
		{6FAB43BC-62B8-4034-9508-A04139EF2C61}.Debug|Any CPU.ActiveCfg = Debug|Any CPU
		{6FAB43BC-62B8-4034-9508-A04139EF2C61}.Debug|Any CPU.Build.0 = Debug|Any CPU
		{6FAB43BC-62B8-4034-9508-A04139EF2C61}.Release|Any CPU.ActiveCfg = Release|Any CPU
		{6FAB43BC-62B8-4034-9508-A04139EF2C61}.Release|Any CPU.Build.0 = Release|Any CPU
		{E677D499-6017-48A6-A62A-E31FEB0F24B4}.Debug|Any CPU.ActiveCfg = Debug|Any CPU
		{E677D499-6017-48A6-A62A-E31FEB0F24B4}.Debug|Any CPU.Build.0 = Debug|Any CPU
		{E677D499-6017-48A6-A62A-E31FEB0F24B4}.Release|Any CPU.ActiveCfg = Release|Any CPU
		{E677D499-6017-48A6-A62A-E31FEB0F24B4}.Release|Any CPU.Build.0 = Release|Any CPU
		{AF3D13A5-1C5F-4B51-9770-E7F3F992DE2F}.Debug|Any CPU.ActiveCfg = Debug|Any CPU
		{AF3D13A5-1C5F-4B51-9770-E7F3F992DE2F}.Debug|Any CPU.Build.0 = Debug|Any CPU
		{AF3D13A5-1C5F-4B51-9770-E7F3F992DE2F}.Release|Any CPU.ActiveCfg = Release|Any CPU
		{AF3D13A5-1C5F-4B51-9770-E7F3F992DE2F}.Release|Any CPU.Build.0 = Release|Any CPU
	EndGlobalSection
	GlobalSection(SolutionProperties) = preSolution
		HideSolutionNode = FALSE
	EndGlobalSection
	GlobalSection(NestedProjects) = preSolution
		{AF3D13A5-1C5F-4B51-9770-E7F3F992DE2F} = {026E6785-64E2-4107-B363-9AB2BDAECD97}
	EndGlobalSection
	GlobalSection(ExtensibilityGlobals) = postSolution
		SolutionGuid = {5B06F081-8A07-43D7-99D7-58EFFAE5E1DC}
	EndGlobalSection
EndGlobal
